// !$*UTF8*$!
{
	archiveVersion = 1;
	classes = {
	};
	objectVersion = 46;
	objects = {

/* Begin PBXBuildFile section */
		7E0D7EB21C70581C001B4008 /* EasyShare.podspec in Resources */ = {isa = PBXBuildFile; fileRef = 7E0D7EB11C70581C001B4008 /* EasyShare.podspec */; };
		7E64A3031C61F87000079CF2 /* CoreTelephony.framework in Frameworks */ = {isa = PBXBuildFile; fileRef = 7E64A3021C61F86F00079CF2 /* CoreTelephony.framework */; };
		7E64A3181C633BA100079CF2 /* ShareHandler.m in Sources */ = {isa = PBXBuildFile; fileRef = 7E64A3171C633BA100079CF2 /* ShareHandler.m */; };
		7E64A31B1C633CD400079CF2 /* ShareModel.m in Sources */ = {isa = PBXBuildFile; fileRef = 7E64A31A1C633CD400079CF2 /* ShareModel.m */; };
		7EDAEBD21C605B6F00CC0E02 /* main.m in Sources */ = {isa = PBXBuildFile; fileRef = 7EDAEBD11C605B6F00CC0E02 /* main.m */; };
		7EDAEBD51C605B6F00CC0E02 /* AppDelegate.m in Sources */ = {isa = PBXBuildFile; fileRef = 7EDAEBD41C605B6F00CC0E02 /* AppDelegate.m */; };
		7EDAEBD81C605B6F00CC0E02 /* ViewController.m in Sources */ = {isa = PBXBuildFile; fileRef = 7EDAEBD71C605B6F00CC0E02 /* ViewController.m */; };
		7EDAEBDB1C605B6F00CC0E02 /* Main.storyboard in Resources */ = {isa = PBXBuildFile; fileRef = 7EDAEBD91C605B6F00CC0E02 /* Main.storyboard */; };
		7EDAEBDD1C605B6F00CC0E02 /* Assets.xcassets in Resources */ = {isa = PBXBuildFile; fileRef = 7EDAEBDC1C605B6F00CC0E02 /* Assets.xcassets */; };
		7EDAEBE01C605B6F00CC0E02 /* LaunchScreen.storyboard in Resources */ = {isa = PBXBuildFile; fileRef = 7EDAEBDE1C605B6F00CC0E02 /* LaunchScreen.storyboard */; };
		7EDAEBEB1C605B6F00CC0E02 /* EasyShareTests.m in Sources */ = {isa = PBXBuildFile; fileRef = 7EDAEBEA1C605B6F00CC0E02 /* EasyShareTests.m */; };
		7EDAEBF61C605B6F00CC0E02 /* EasyShareUITests.m in Sources */ = {isa = PBXBuildFile; fileRef = 7EDAEBF51C605B6F00CC0E02 /* EasyShareUITests.m */; };
		7EDAEC051C60815100CC0E02 /* TencentOpenAPI.framework in Frameworks */ = {isa = PBXBuildFile; fileRef = 7EDAEC041C60815100CC0E02 /* TencentOpenAPI.framework */; };
		7EDAEC0C1C6086D500CC0E02 /* ShareCenter.m in Sources */ = {isa = PBXBuildFile; fileRef = 7EDAEC0B1C6086D500CC0E02 /* ShareCenter.m */; };
		CC61ECD8FF23EE76A6854E69 /* libPods-EasyShare.a in Frameworks */ = {isa = PBXBuildFile; fileRef = DA0ED2108D78AF6F86C1BCE3 /* libPods-EasyShare.a */; };
/* End PBXBuildFile section */

/* Begin PBXContainerItemProxy section */
		7EDAEBE71C605B6F00CC0E02 /* PBXContainerItemProxy */ = {
			isa = PBXContainerItemProxy;
			containerPortal = 7EDAEBC51C605B6F00CC0E02 /* Project object */;
			proxyType = 1;
			remoteGlobalIDString = 7EDAEBCC1C605B6F00CC0E02;
			remoteInfo = EasyShare;
		};
		7EDAEBF21C605B6F00CC0E02 /* PBXContainerItemProxy */ = {
			isa = PBXContainerItemProxy;
			containerPortal = 7EDAEBC51C605B6F00CC0E02 /* Project object */;
			proxyType = 1;
			remoteGlobalIDString = 7EDAEBCC1C605B6F00CC0E02;
			remoteInfo = EasyShare;
		};
/* End PBXContainerItemProxy section */

/* Begin PBXFileReference section */
		18E02BF9B73484A151ACCB7C /* Pods-EasyShare.release.xcconfig */ = {isa = PBXFileReference; includeInIndex = 1; lastKnownFileType = text.xcconfig; name = "Pods-EasyShare.release.xcconfig"; path = "Pods/Target Support Files/Pods-EasyShare/Pods-EasyShare.release.xcconfig"; sourceTree = "<group>"; };
		7E0D7EB11C70581C001B4008 /* EasyShare.podspec */ = {isa = PBXFileReference; fileEncoding = 4; lastKnownFileType = text; path = EasyShare.podspec; sourceTree = "<group>"; };
		7E64A3021C61F86F00079CF2 /* CoreTelephony.framework */ = {isa = PBXFileReference; lastKnownFileType = wrapper.framework; name = CoreTelephony.framework; path = System/Library/Frameworks/CoreTelephony.framework; sourceTree = SDKROOT; };
		7E64A3041C61FC0F00079CF2 /* Security.framework */ = {isa = PBXFileReference; lastKnownFileType = wrapper.framework; name = Security.framework; path = System/Library/Frameworks/Security.framework; sourceTree = SDKROOT; };
		7E64A3061C61FC2600079CF2 /* SystemConfiguration.framework */ = {isa = PBXFileReference; lastKnownFileType = wrapper.framework; name = SystemConfiguration.framework; path = System/Library/Frameworks/SystemConfiguration.framework; sourceTree = SDKROOT; };
		7E64A3081C61FC3100079CF2 /* CoreGraphics.framework */ = {isa = PBXFileReference; lastKnownFileType = wrapper.framework; name = CoreGraphics.framework; path = System/Library/Frameworks/CoreGraphics.framework; sourceTree = SDKROOT; };
		7E64A3161C633BA100079CF2 /* ShareHandler.h */ = {isa = PBXFileReference; fileEncoding = 4; lastKnownFileType = sourcecode.c.h; path = ShareHandler.h; sourceTree = "<group>"; };
		7E64A3171C633BA100079CF2 /* ShareHandler.m */ = {isa = PBXFileReference; fileEncoding = 4; lastKnownFileType = sourcecode.c.objc; path = ShareHandler.m; sourceTree = "<group>"; };
		7E64A3191C633CD400079CF2 /* ShareModel.h */ = {isa = PBXFileReference; fileEncoding = 4; lastKnownFileType = sourcecode.c.h; path = ShareModel.h; sourceTree = "<group>"; };
		7E64A31A1C633CD400079CF2 /* ShareModel.m */ = {isa = PBXFileReference; fileEncoding = 4; lastKnownFileType = sourcecode.c.objc; path = ShareModel.m; sourceTree = "<group>"; };
		7EDAEBCD1C605B6F00CC0E02 /* EasyShare.app */ = {isa = PBXFileReference; explicitFileType = wrapper.application; includeInIndex = 0; path = EasyShare.app; sourceTree = BUILT_PRODUCTS_DIR; };
		7EDAEBD11C605B6F00CC0E02 /* main.m */ = {isa = PBXFileReference; lastKnownFileType = sourcecode.c.objc; path = main.m; sourceTree = "<group>"; };
		7EDAEBD31C605B6F00CC0E02 /* AppDelegate.h */ = {isa = PBXFileReference; lastKnownFileType = sourcecode.c.h; path = AppDelegate.h; sourceTree = "<group>"; };
		7EDAEBD41C605B6F00CC0E02 /* AppDelegate.m */ = {isa = PBXFileReference; lastKnownFileType = sourcecode.c.objc; path = AppDelegate.m; sourceTree = "<group>"; };
		7EDAEBD61C605B6F00CC0E02 /* ViewController.h */ = {isa = PBXFileReference; lastKnownFileType = sourcecode.c.h; path = ViewController.h; sourceTree = "<group>"; };
		7EDAEBD71C605B6F00CC0E02 /* ViewController.m */ = {isa = PBXFileReference; lastKnownFileType = sourcecode.c.objc; path = ViewController.m; sourceTree = "<group>"; };
		7EDAEBDA1C605B6F00CC0E02 /* Base */ = {isa = PBXFileReference; lastKnownFileType = file.storyboard; name = Base; path = Base.lproj/Main.storyboard; sourceTree = "<group>"; };
		7EDAEBDC1C605B6F00CC0E02 /* Assets.xcassets */ = {isa = PBXFileReference; lastKnownFileType = folder.assetcatalog; path = Assets.xcassets; sourceTree = "<group>"; };
		7EDAEBDF1C605B6F00CC0E02 /* Base */ = {isa = PBXFileReference; lastKnownFileType = file.storyboard; name = Base; path = Base.lproj/LaunchScreen.storyboard; sourceTree = "<group>"; };
		7EDAEBE11C605B6F00CC0E02 /* Info.plist */ = {isa = PBXFileReference; lastKnownFileType = text.plist.xml; path = Info.plist; sourceTree = "<group>"; };
		7EDAEBE61C605B6F00CC0E02 /* EasyShareTests.xctest */ = {isa = PBXFileReference; explicitFileType = wrapper.cfbundle; includeInIndex = 0; path = EasyShareTests.xctest; sourceTree = BUILT_PRODUCTS_DIR; };
		7EDAEBEA1C605B6F00CC0E02 /* EasyShareTests.m */ = {isa = PBXFileReference; lastKnownFileType = sourcecode.c.objc; path = EasyShareTests.m; sourceTree = "<group>"; };
		7EDAEBEC1C605B6F00CC0E02 /* Info.plist */ = {isa = PBXFileReference; lastKnownFileType = text.plist.xml; path = Info.plist; sourceTree = "<group>"; };
		7EDAEBF11C605B6F00CC0E02 /* EasyShareUITests.xctest */ = {isa = PBXFileReference; explicitFileType = wrapper.cfbundle; includeInIndex = 0; path = EasyShareUITests.xctest; sourceTree = BUILT_PRODUCTS_DIR; };
		7EDAEBF51C605B6F00CC0E02 /* EasyShareUITests.m */ = {isa = PBXFileReference; lastKnownFileType = sourcecode.c.objc; path = EasyShareUITests.m; sourceTree = "<group>"; };
		7EDAEBF71C605B6F00CC0E02 /* Info.plist */ = {isa = PBXFileReference; lastKnownFileType = text.plist.xml; path = Info.plist; sourceTree = "<group>"; };
		7EDAEC041C60815100CC0E02 /* TencentOpenAPI.framework */ = {isa = PBXFileReference; lastKnownFileType = wrapper.framework; path = TencentOpenAPI.framework; sourceTree = "<group>"; };
		7EDAEC0A1C6086D500CC0E02 /* ShareCenter.h */ = {isa = PBXFileReference; fileEncoding = 4; lastKnownFileType = sourcecode.c.h; path = ShareCenter.h; sourceTree = "<group>"; };
		7EDAEC0B1C6086D500CC0E02 /* ShareCenter.m */ = {isa = PBXFileReference; fileEncoding = 4; lastKnownFileType = sourcecode.c.objc; path = ShareCenter.m; sourceTree = "<group>"; };
		8DD3BABE2BA0E9ECC98A4E5A /* Pods-EasyShare.debug.xcconfig */ = {isa = PBXFileReference; includeInIndex = 1; lastKnownFileType = text.xcconfig; name = "Pods-EasyShare.debug.xcconfig"; path = "Pods/Target Support Files/Pods-EasyShare/Pods-EasyShare.debug.xcconfig"; sourceTree = "<group>"; };
		DA0ED2108D78AF6F86C1BCE3 /* libPods-EasyShare.a */ = {isa = PBXFileReference; explicitFileType = archive.ar; includeInIndex = 0; path = "libPods-EasyShare.a"; sourceTree = BUILT_PRODUCTS_DIR; };
/* End PBXFileReference section */

/* Begin PBXFrameworksBuildPhase section */
		7EDAEBCA1C605B6F00CC0E02 /* Frameworks */ = {
			isa = PBXFrameworksBuildPhase;
			buildActionMask = 2147483647;
			files = (
				7E64A3031C61F87000079CF2 /* CoreTelephony.framework in Frameworks */,
				7EDAEC051C60815100CC0E02 /* TencentOpenAPI.framework in Frameworks */,
				CC61ECD8FF23EE76A6854E69 /* libPods-EasyShare.a in Frameworks */,
			);
			runOnlyForDeploymentPostprocessing = 0;
		};
		7EDAEBE31C605B6F00CC0E02 /* Frameworks */ = {
			isa = PBXFrameworksBuildPhase;
			buildActionMask = 2147483647;
			files = (
			);
			runOnlyForDeploymentPostprocessing = 0;
		};
		7EDAEBEE1C605B6F00CC0E02 /* Frameworks */ = {
			isa = PBXFrameworksBuildPhase;
			buildActionMask = 2147483647;
			files = (
			);
			runOnlyForDeploymentPostprocessing = 0;
		};
/* End PBXFrameworksBuildPhase section */

/* Begin PBXGroup section */
		7EDAEBC41C605B6F00CC0E02 = {
			isa = PBXGroup;
			children = (
				7E0D7EB11C70581C001B4008 /* EasyShare.podspec */,
				7EDAEBCF1C605B6F00CC0E02 /* EasyShare */,
				7EDAEBE91C605B6F00CC0E02 /* EasyShareTests */,
				7EDAEBF41C605B6F00CC0E02 /* EasyShareUITests */,
				7EDAEBCE1C605B6F00CC0E02 /* Products */,
				A14D4356D6A995FAEF46000B /* Frameworks */,
				8DC56AB7B98E5CB98E98BF20 /* Pods */,
			);
			sourceTree = "<group>";
		};
		7EDAEBCE1C605B6F00CC0E02 /* Products */ = {
			isa = PBXGroup;
			children = (
				7EDAEBCD1C605B6F00CC0E02 /* EasyShare.app */,
				7EDAEBE61C605B6F00CC0E02 /* EasyShareTests.xctest */,
				7EDAEBF11C605B6F00CC0E02 /* EasyShareUITests.xctest */,
			);
			name = Products;
			sourceTree = "<group>";
		};
		7EDAEBCF1C605B6F00CC0E02 /* EasyShare */ = {
			isa = PBXGroup;
			children = (
				7EDAEBD31C605B6F00CC0E02 /* AppDelegate.h */,
				7EDAEBD41C605B6F00CC0E02 /* AppDelegate.m */,
				7EDAEBD61C605B6F00CC0E02 /* ViewController.h */,
				7EDAEBD71C605B6F00CC0E02 /* ViewController.m */,
				7EDAEC061C60822400CC0E02 /* Share */,
				7EDAEC031C60815100CC0E02 /* Framework */,
				7EDAEBD91C605B6F00CC0E02 /* Main.storyboard */,
				7EDAEBDC1C605B6F00CC0E02 /* Assets.xcassets */,
				7EDAEBDE1C605B6F00CC0E02 /* LaunchScreen.storyboard */,
				7EDAEBE11C605B6F00CC0E02 /* Info.plist */,
				7EDAEBD01C605B6F00CC0E02 /* Supporting Files */,
			);
			path = EasyShare;
			sourceTree = "<group>";
		};
		7EDAEBD01C605B6F00CC0E02 /* Supporting Files */ = {
			isa = PBXGroup;
			children = (
				7EDAEBD11C605B6F00CC0E02 /* main.m */,
			);
			name = "Supporting Files";
			sourceTree = "<group>";
		};
		7EDAEBE91C605B6F00CC0E02 /* EasyShareTests */ = {
			isa = PBXGroup;
			children = (
				7EDAEBEA1C605B6F00CC0E02 /* EasyShareTests.m */,
				7EDAEBEC1C605B6F00CC0E02 /* Info.plist */,
			);
			path = EasyShareTests;
			sourceTree = "<group>";
		};
		7EDAEBF41C605B6F00CC0E02 /* EasyShareUITests */ = {
			isa = PBXGroup;
			children = (
				7EDAEBF51C605B6F00CC0E02 /* EasyShareUITests.m */,
				7EDAEBF71C605B6F00CC0E02 /* Info.plist */,
			);
			path = EasyShareUITests;
			sourceTree = "<group>";
		};
		7EDAEC031C60815100CC0E02 /* Framework */ = {
			isa = PBXGroup;
			children = (
				7EDAEC041C60815100CC0E02 /* TencentOpenAPI.framework */,
			);
			path = Framework;
			sourceTree = "<group>";
		};
		7EDAEC061C60822400CC0E02 /* Share */ = {
			isa = PBXGroup;
			children = (
				7EDAEC0A1C6086D500CC0E02 /* ShareCenter.h */,
				7EDAEC0B1C6086D500CC0E02 /* ShareCenter.m */,
				7E64A3161C633BA100079CF2 /* ShareHandler.h */,
				7E64A3171C633BA100079CF2 /* ShareHandler.m */,
				7E64A3191C633CD400079CF2 /* ShareModel.h */,
				7E64A31A1C633CD400079CF2 /* ShareModel.m */,
			);
			path = Share;
			sourceTree = "<group>";
		};
		8DC56AB7B98E5CB98E98BF20 /* Pods */ = {
			isa = PBXGroup;
			children = (
				8DD3BABE2BA0E9ECC98A4E5A /* Pods-EasyShare.debug.xcconfig */,
				18E02BF9B73484A151ACCB7C /* Pods-EasyShare.release.xcconfig */,
			);
			name = Pods;
			sourceTree = "<group>";
		};
		A14D4356D6A995FAEF46000B /* Frameworks */ = {
			isa = PBXGroup;
			children = (
				7E64A3081C61FC3100079CF2 /* CoreGraphics.framework */,
				7E64A3061C61FC2600079CF2 /* SystemConfiguration.framework */,
				7E64A3041C61FC0F00079CF2 /* Security.framework */,
				7E64A3021C61F86F00079CF2 /* CoreTelephony.framework */,
				DA0ED2108D78AF6F86C1BCE3 /* libPods-EasyShare.a */,
			);
			name = Frameworks;
			sourceTree = "<group>";
		};
/* End PBXGroup section */

/* Begin PBXNativeTarget section */
		7EDAEBCC1C605B6F00CC0E02 /* EasyShare */ = {
			isa = PBXNativeTarget;
			buildConfigurationList = 7EDAEBFA1C605B6F00CC0E02 /* Build configuration list for PBXNativeTarget "EasyShare" */;
			buildPhases = (
				3FD2E79DEA26A8C54EADE0E3 /* [CP] Check Pods Manifest.lock */,
				7EDAEBC91C605B6F00CC0E02 /* Sources */,
				7EDAEBCA1C605B6F00CC0E02 /* Frameworks */,
				7EDAEBCB1C605B6F00CC0E02 /* Resources */,
				B2B50F642D39E05287C81909 /* [CP] Embed Pods Frameworks */,
				794E49A63A22C2C3661226D5 /* [CP] Copy Pods Resources */,
			);
			buildRules = (
			);
			dependencies = (
			);
			name = EasyShare;
			productName = EasyShare;
			productReference = 7EDAEBCD1C605B6F00CC0E02 /* EasyShare.app */;
			productType = "com.apple.product-type.application";
		};
		7EDAEBE51C605B6F00CC0E02 /* EasyShareTests */ = {
			isa = PBXNativeTarget;
			buildConfigurationList = 7EDAEBFD1C605B6F00CC0E02 /* Build configuration list for PBXNativeTarget "EasyShareTests" */;
			buildPhases = (
				7EDAEBE21C605B6F00CC0E02 /* Sources */,
				7EDAEBE31C605B6F00CC0E02 /* Frameworks */,
				7EDAEBE41C605B6F00CC0E02 /* Resources */,
			);
			buildRules = (
			);
			dependencies = (
				7EDAEBE81C605B6F00CC0E02 /* PBXTargetDependency */,
			);
			name = EasyShareTests;
			productName = EasyShareTests;
			productReference = 7EDAEBE61C605B6F00CC0E02 /* EasyShareTests.xctest */;
			productType = "com.apple.product-type.bundle.unit-test";
		};
		7EDAEBF01C605B6F00CC0E02 /* EasyShareUITests */ = {
			isa = PBXNativeTarget;
			buildConfigurationList = 7EDAEC001C605B6F00CC0E02 /* Build configuration list for PBXNativeTarget "EasyShareUITests" */;
			buildPhases = (
				7EDAEBED1C605B6F00CC0E02 /* Sources */,
				7EDAEBEE1C605B6F00CC0E02 /* Frameworks */,
				7EDAEBEF1C605B6F00CC0E02 /* Resources */,
			);
			buildRules = (
			);
			dependencies = (
				7EDAEBF31C605B6F00CC0E02 /* PBXTargetDependency */,
			);
			name = EasyShareUITests;
			productName = EasyShareUITests;
			productReference = 7EDAEBF11C605B6F00CC0E02 /* EasyShareUITests.xctest */;
			productType = "com.apple.product-type.bundle.ui-testing";
		};
/* End PBXNativeTarget section */

/* Begin PBXProject section */
		7EDAEBC51C605B6F00CC0E02 /* Project object */ = {
			isa = PBXProject;
			attributes = {
				LastUpgradeCheck = 0720;
				ORGANIZATIONNAME = ileo;
				TargetAttributes = {
					7EDAEBCC1C605B6F00CC0E02 = {
						CreatedOnToolsVersion = 7.2;
						DevelopmentTeam = G464W59869;
					};
					7EDAEBE51C605B6F00CC0E02 = {
						CreatedOnToolsVersion = 7.2;
						TestTargetID = 7EDAEBCC1C605B6F00CC0E02;
					};
					7EDAEBF01C605B6F00CC0E02 = {
						CreatedOnToolsVersion = 7.2;
						TestTargetID = 7EDAEBCC1C605B6F00CC0E02;
					};
				};
			};
			buildConfigurationList = 7EDAEBC81C605B6F00CC0E02 /* Build configuration list for PBXProject "EasyShare" */;
			compatibilityVersion = "Xcode 3.2";
			developmentRegion = English;
			hasScannedForEncodings = 0;
			knownRegions = (
				en,
				Base,
			);
			mainGroup = 7EDAEBC41C605B6F00CC0E02;
			productRefGroup = 7EDAEBCE1C605B6F00CC0E02 /* Products */;
			projectDirPath = "";
			projectRoot = "";
			targets = (
				7EDAEBCC1C605B6F00CC0E02 /* EasyShare */,
				7EDAEBE51C605B6F00CC0E02 /* EasyShareTests */,
				7EDAEBF01C605B6F00CC0E02 /* EasyShareUITests */,
			);
		};
/* End PBXProject section */

/* Begin PBXResourcesBuildPhase section */
		7EDAEBCB1C605B6F00CC0E02 /* Resources */ = {
			isa = PBXResourcesBuildPhase;
			buildActionMask = 2147483647;
			files = (
				7EDAEBE01C605B6F00CC0E02 /* LaunchScreen.storyboard in Resources */,
				7EDAEBDD1C605B6F00CC0E02 /* Assets.xcassets in Resources */,
				7E0D7EB21C70581C001B4008 /* EasyShare.podspec in Resources */,
				7EDAEBDB1C605B6F00CC0E02 /* Main.storyboard in Resources */,
			);
			runOnlyForDeploymentPostprocessing = 0;
		};
		7EDAEBE41C605B6F00CC0E02 /* Resources */ = {
			isa = PBXResourcesBuildPhase;
			buildActionMask = 2147483647;
			files = (
			);
			runOnlyForDeploymentPostprocessing = 0;
		};
		7EDAEBEF1C605B6F00CC0E02 /* Resources */ = {
			isa = PBXResourcesBuildPhase;
			buildActionMask = 2147483647;
			files = (
			);
			runOnlyForDeploymentPostprocessing = 0;
		};
/* End PBXResourcesBuildPhase section */

/* Begin PBXShellScriptBuildPhase section */
		3FD2E79DEA26A8C54EADE0E3 /* [CP] Check Pods Manifest.lock */ = {
			isa = PBXShellScriptBuildPhase;
			buildActionMask = 2147483647;
			files = (
			);
			inputPaths = (
			);
			name = "[CP] Check Pods Manifest.lock";
			outputPaths = (
			);
			runOnlyForDeploymentPostprocessing = 0;
			shellPath = /bin/sh;
			shellScript = "diff \"${PODS_ROOT}/../Podfile.lock\" \"${PODS_ROOT}/Manifest.lock\" > /dev/null\nif [ $? != 0 ] ; then\n    # print error to STDERR\n    echo \"error: The sandbox is not in sync with the Podfile.lock. Run 'pod install' or update your CocoaPods installation.\" >&2\n    exit 1\nfi\n";
			showEnvVarsInLog = 0;
		};
		794E49A63A22C2C3661226D5 /* [CP] Copy Pods Resources */ = {
			isa = PBXShellScriptBuildPhase;
			buildActionMask = 2147483647;
			files = (
			);
			inputPaths = (
			);
			name = "[CP] Copy Pods Resources";
			outputPaths = (
			);
			runOnlyForDeploymentPostprocessing = 0;
			shellPath = /bin/sh;
			shellScript = "\"${SRCROOT}/Pods/Target Support Files/Pods-EasyShare/Pods-EasyShare-resources.sh\"\n";
			showEnvVarsInLog = 0;
		};
		B2B50F642D39E05287C81909 /* [CP] Embed Pods Frameworks */ = {
			isa = PBXShellScriptBuildPhase;
			buildActionMask = 2147483647;
			files = (
			);
			inputPaths = (
			);
			name = "[CP] Embed Pods Frameworks";
			outputPaths = (
			);
			runOnlyForDeploymentPostprocessing = 0;
			shellPath = /bin/sh;
			shellScript = "\"${SRCROOT}/Pods/Target Support Files/Pods-EasyShare/Pods-EasyShare-frameworks.sh\"\n";
			showEnvVarsInLog = 0;
		};
/* End PBXShellScriptBuildPhase section */

/* Begin PBXSourcesBuildPhase section */
		7EDAEBC91C605B6F00CC0E02 /* Sources */ = {
			isa = PBXSourcesBuildPhase;
			buildActionMask = 2147483647;
			files = (
				7E64A31B1C633CD400079CF2 /* ShareModel.m in Sources */,
				7EDAEC0C1C6086D500CC0E02 /* ShareCenter.m in Sources */,
				7EDAEBD81C605B6F00CC0E02 /* ViewController.m in Sources */,
				7E64A3181C633BA100079CF2 /* ShareHandler.m in Sources */,
				7EDAEBD51C605B6F00CC0E02 /* AppDelegate.m in Sources */,
				7EDAEBD21C605B6F00CC0E02 /* main.m in Sources */,
			);
			runOnlyForDeploymentPostprocessing = 0;
		};
		7EDAEBE21C605B6F00CC0E02 /* Sources */ = {
			isa = PBXSourcesBuildPhase;
			buildActionMask = 2147483647;
			files = (
				7EDAEBEB1C605B6F00CC0E02 /* EasyShareTests.m in Sources */,
			);
			runOnlyForDeploymentPostprocessing = 0;
		};
		7EDAEBED1C605B6F00CC0E02 /* Sources */ = {
			isa = PBXSourcesBuildPhase;
			buildActionMask = 2147483647;
			files = (
				7EDAEBF61C605B6F00CC0E02 /* EasyShareUITests.m in Sources */,
			);
			runOnlyForDeploymentPostprocessing = 0;
		};
/* End PBXSourcesBuildPhase section */

/* Begin PBXTargetDependency section */
		7EDAEBE81C605B6F00CC0E02 /* PBXTargetDependency */ = {
			isa = PBXTargetDependency;
			target = 7EDAEBCC1C605B6F00CC0E02 /* EasyShare */;
			targetProxy = 7EDAEBE71C605B6F00CC0E02 /* PBXContainerItemProxy */;
		};
		7EDAEBF31C605B6F00CC0E02 /* PBXTargetDependency */ = {
			isa = PBXTargetDependency;
			target = 7EDAEBCC1C605B6F00CC0E02 /* EasyShare */;
			targetProxy = 7EDAEBF21C605B6F00CC0E02 /* PBXContainerItemProxy */;
		};
/* End PBXTargetDependency section */

/* Begin PBXVariantGroup section */
		7EDAEBD91C605B6F00CC0E02 /* Main.storyboard */ = {
			isa = PBXVariantGroup;
			children = (
				7EDAEBDA1C605B6F00CC0E02 /* Base */,
			);
			name = Main.storyboard;
			sourceTree = "<group>";
		};
		7EDAEBDE1C605B6F00CC0E02 /* LaunchScreen.storyboard */ = {
			isa = PBXVariantGroup;
			children = (
				7EDAEBDF1C605B6F00CC0E02 /* Base */,
			);
			name = LaunchScreen.storyboard;
			sourceTree = "<group>";
		};
/* End PBXVariantGroup section */

/* Begin XCBuildConfiguration section */
		7EDAEBF81C605B6F00CC0E02 /* Debug */ = {
			isa = XCBuildConfiguration;
			buildSettings = {
				ALWAYS_SEARCH_USER_PATHS = NO;
				CLANG_CXX_LANGUAGE_STANDARD = "gnu++0x";
				CLANG_CXX_LIBRARY = "libc++";
				CLANG_ENABLE_MODULES = YES;
				CLANG_ENABLE_OBJC_ARC = YES;
				CLANG_WARN_BOOL_CONVERSION = YES;
				CLANG_WARN_CONSTANT_CONVERSION = YES;
				CLANG_WARN_DIRECT_OBJC_ISA_USAGE = YES_ERROR;
				CLANG_WARN_EMPTY_BODY = YES;
				CLANG_WARN_ENUM_CONVERSION = YES;
				CLANG_WARN_INT_CONVERSION = YES;
				CLANG_WARN_OBJC_ROOT_CLASS = YES_ERROR;
				CLANG_WARN_UNREACHABLE_CODE = YES;
				CLANG_WARN__DUPLICATE_METHOD_MATCH = YES;
				"CODE_SIGN_IDENTITY[sdk=iphoneos*]" = "iPhone Developer";
				COPY_PHASE_STRIP = NO;
				DEBUG_INFORMATION_FORMAT = dwarf;
				ENABLE_STRICT_OBJC_MSGSEND = YES;
				ENABLE_TESTABILITY = YES;
				GCC_C_LANGUAGE_STANDARD = gnu99;
				GCC_DYNAMIC_NO_PIC = NO;
				GCC_NO_COMMON_BLOCKS = YES;
				GCC_OPTIMIZATION_LEVEL = 0;
				GCC_PREPROCESSOR_DEFINITIONS = (
					"DEBUG=1",
					"$(inherited)",
				);
				GCC_WARN_64_TO_32_BIT_CONVERSION = YES;
				GCC_WARN_ABOUT_RETURN_TYPE = YES_ERROR;
				GCC_WARN_UNDECLARED_SELECTOR = YES;
				GCC_WARN_UNINITIALIZED_AUTOS = YES_AGGRESSIVE;
				GCC_WARN_UNUSED_FUNCTION = YES;
				GCC_WARN_UNUSED_VARIABLE = YES;
				IPHONEOS_DEPLOYMENT_TARGET = 9.2;
				MTL_ENABLE_DEBUG_INFO = YES;
				ONLY_ACTIVE_ARCH = YES;
				SDKROOT = iphoneos;
			};
			name = Debug;
		};
		7EDAEBF91C605B6F00CC0E02 /* Release */ = {
			isa = XCBuildConfiguration;
			buildSettings = {
				ALWAYS_SEARCH_USER_PATHS = NO;
				CLANG_CXX_LANGUAGE_STANDARD = "gnu++0x";
				CLANG_CXX_LIBRARY = "libc++";
				CLANG_ENABLE_MODULES = YES;
				CLANG_ENABLE_OBJC_ARC = YES;
				CLANG_WARN_BOOL_CONVERSION = YES;
				CLANG_WARN_CONSTANT_CONVERSION = YES;
				CLANG_WARN_DIRECT_OBJC_ISA_USAGE = YES_ERROR;
				CLANG_WARN_EMPTY_BODY = YES;
				CLANG_WARN_ENUM_CONVERSION = YES;
				CLANG_WARN_INT_CONVERSION = YES;
				CLANG_WARN_OBJC_ROOT_CLASS = YES_ERROR;
				CLANG_WARN_UNREACHABLE_CODE = YES;
				CLANG_WARN__DUPLICATE_METHOD_MATCH = YES;
				"CODE_SIGN_IDENTITY[sdk=iphoneos*]" = "iPhone Developer";
				COPY_PHASE_STRIP = NO;
				DEBUG_INFORMATION_FORMAT = "dwarf-with-dsym";
				ENABLE_NS_ASSERTIONS = NO;
				ENABLE_STRICT_OBJC_MSGSEND = YES;
				GCC_C_LANGUAGE_STANDARD = gnu99;
				GCC_NO_COMMON_BLOCKS = YES;
				GCC_WARN_64_TO_32_BIT_CONVERSION = YES;
				GCC_WARN_ABOUT_RETURN_TYPE = YES_ERROR;
				GCC_WARN_UNDECLARED_SELECTOR = YES;
				GCC_WARN_UNINITIALIZED_AUTOS = YES_AGGRESSIVE;
				GCC_WARN_UNUSED_FUNCTION = YES;
				GCC_WARN_UNUSED_VARIABLE = YES;
				IPHONEOS_DEPLOYMENT_TARGET = 9.2;
				MTL_ENABLE_DEBUG_INFO = NO;
				SDKROOT = iphoneos;
				VALIDATE_PRODUCT = YES;
			};
			name = Release;
		};
		7EDAEBFB1C605B6F00CC0E02 /* Debug */ = {
			isa = XCBuildConfiguration;
			baseConfigurationReference = 8DD3BABE2BA0E9ECC98A4E5A /* Pods-EasyShare.debug.xcconfig */;
			buildSettings = {
				ASSETCATALOG_COMPILER_APPICON_NAME = AppIcon;
				CODE_SIGN_IDENTITY = "iPhone Developer";
				"CODE_SIGN_IDENTITY[sdk=iphoneos*]" = "iPhone Developer";
				DEVELOPMENT_TEAM = G464W59869;
				FRAMEWORK_SEARCH_PATHS = (
					"$(inherited)",
					"$(PROJECT_DIR)/EasyShare/Framework",
				);
				INFOPLIST_FILE = EasyShare/Info.plist;
				IPHONEOS_DEPLOYMENT_TARGET = 7.0;
				LD_RUNPATH_SEARCH_PATHS = "$(inherited) @executable_path/Frameworks";
				PRODUCT_BUNDLE_IDENTIFIER = com.ileo.EasyShare;
				PRODUCT_NAME = "$(TARGET_NAME)";
				PROVISIONING_PROFILE = "";
			};
			name = Debug;
		};
		7EDAEBFC1C605B6F00CC0E02 /* Release */ = {
			isa = XCBuildConfiguration;
			baseConfigurationReference = 18E02BF9B73484A151ACCB7C /* Pods-EasyShare.release.xcconfig */;
			buildSettings = {
				ASSETCATALOG_COMPILER_APPICON_NAME = AppIcon;
				CODE_SIGN_IDENTITY = "iPhone Developer";
				"CODE_SIGN_IDENTITY[sdk=iphoneos*]" = "iPhone Developer";
				DEVELOPMENT_TEAM = G464W59869;
				FRAMEWORK_SEARCH_PATHS = (
					"$(inherited)",
					"$(PROJECT_DIR)/EasyShare/Framework",
				);
				INFOPLIST_FILE = EasyShare/Info.plist;
				IPHONEOS_DEPLOYMENT_TARGET = 7.0;
				LD_RUNPATH_SEARCH_PATHS = "$(inherited) @executable_path/Frameworks";
				PRODUCT_BUNDLE_IDENTIFIER = com.ileo.EasyShare;
				PRODUCT_NAME = "$(TARGET_NAME)";
				PROVISIONING_PROFILE = "";
			};
			name = Release;
		};
		7EDAEBFE1C605B6F00CC0E02 /* Debug */ = {
			isa = XCBuildConfiguration;
			buildSettings = {
				BUNDLE_LOADER = "$(TEST_HOST)";
				INFOPLIST_FILE = EasyShareTests/Info.plist;
				LD_RUNPATH_SEARCH_PATHS = "$(inherited) @executable_path/Frameworks @loader_path/Frameworks";
				PRODUCT_BUNDLE_IDENTIFIER = com.ileo.EasyShareTests;
				PRODUCT_NAME = "$(TARGET_NAME)";
				TEST_HOST = "$(BUILT_PRODUCTS_DIR)/EasyShare.app/EasyShare";
			};
			name = Debug;
		};
		7EDAEBFF1C605B6F00CC0E02 /* Release */ = {
			isa = XCBuildConfiguration;
			buildSettings = {
				BUNDLE_LOADER = "$(TEST_HOST)";
				INFOPLIST_FILE = EasyShareTests/Info.plist;
				LD_RUNPATH_SEARCH_PATHS = "$(inherited) @executable_path/Frameworks @loader_path/Frameworks";
				PRODUCT_BUNDLE_IDENTIFIER = com.ileo.EasyShareTests;
				PRODUCT_NAME = "$(TARGET_NAME)";
				TEST_HOST = "$(BUILT_PRODUCTS_DIR)/EasyShare.app/EasyShare";
			};
			name = Release;
		};
		7EDAEC011C605B6F00CC0E02 /* Debug */ = {
			isa = XCBuildConfiguration;
			buildSettings = {
				INFOPLIST_FILE = EasyShareUITests/Info.plist;
				LD_RUNPATH_SEARCH_PATHS = "$(inherited) @executable_path/Frameworks @loader_path/Frameworks";
				PRODUCT_BUNDLE_IDENTIFIER = com.ileo.EasyShareUITests;
				PRODUCT_NAME = "$(TARGET_NAME)";
				TEST_TARGET_NAME = EasyShare;
				USES_XCTRUNNER = YES;
			};
			name = Debug;
		};
		7EDAEC021C605B6F00CC0E02 /* Release */ = {
			isa = XCBuildConfiguration;
			buildSettings = {
				INFOPLIST_FILE = EasyShareUITests/Info.plist;
				LD_RUNPATH_SEARCH_PATHS = "$(inherited) @executable_path/Frameworks @loader_path/Frameworks";
				PRODUCT_BUNDLE_IDENTIFIER = com.ileo.EasyShareUITests;
				PRODUCT_NAME = "$(TARGET_NAME)";
				TEST_TARGET_NAME = EasyShare;
				USES_XCTRUNNER = YES;
			};
			name = Release;
		};
/* End XCBuildConfiguration section */

/* Begin XCConfigurationList section */
		7EDAEBC81C605B6F00CC0E02 /* Build configuration list for PBXProject "EasyShare" */ = {
			isa = XCConfigurationList;
			buildConfigurations = (
				7EDAEBF81C605B6F00CC0E02 /* Debug */,
				7EDAEBF91C605B6F00CC0E02 /* Release */,
			);
			defaultConfigurationIsVisible = 0;
			defaultConfigurationName = Release;
		};
		7EDAEBFA1C605B6F00CC0E02 /* Build configuration list for PBXNativeTarget "EasyShare" */ = {
			isa = XCConfigurationList;
			buildConfigurations = (
				7EDAEBFB1C605B6F00CC0E02 /* Debug */,
				7EDAEBFC1C605B6F00CC0E02 /* Release */,
			);
			defaultConfigurationIsVisible = 0;
			defaultConfigurationName = Release;
		};
		7EDAEBFD1C605B6F00CC0E02 /* Build configuration list for PBXNativeTarget "EasyShareTests" */ = {
			isa = XCConfigurationList;
			buildConfigurations = (
				7EDAEBFE1C605B6F00CC0E02 /* Debug */,
				7EDAEBFF1C605B6F00CC0E02 /* Release */,
			);
			defaultConfigurationIsVisible = 0;
			defaultConfigurationName = Release;
		};
		7EDAEC001C605B6F00CC0E02 /* Build configuration list for PBXNativeTarget "EasyShareUITests" */ = {
			isa = XCConfigurationList;
			buildConfigurations = (
				7EDAEC011C605B6F00CC0E02 /* Debug */,
				7EDAEC021C605B6F00CC0E02 /* Release */,
			);
			defaultConfigurationIsVisible = 0;
			defaultConfigurationName = Release;
		};
/* End XCConfigurationList section */
	};
	rootObject = 7EDAEBC51C605B6F00CC0E02 /* Project object */;
}
